Microsoft Visual Studio Solution File, Format Version 12.00
# Visual Studio Version 17
VisualStudioVersion = 17.0.31903.59
MinimumVisualStudioVersion = 15.0.26124.0
Project("{2150E333-8FDC-42A3-9474-1A3956D46DE8}") = "sources", "sources", "{C15F7F5D-3A2C-4E89-BD94-5F3A1D8F4C1A}"
EndProject
Project("{2150E333-8FDC-42A3-9474-1A3956D46DE8}") = "tests", "tests", "{6C83A596-D32D-B35F-00DD-F0C99B673980}"
EndProject
Project("{2150E333-8FDC-42A3-9474-1A3956D46DE8}") = "_misc", "_misc", "{9C75B2BB-B6BC-4536-96E6-3EBD258B5B0A}"
	ProjectSection(SolutionItems) = preProject
		.github\workflows\ci.yml = .github\workflows\ci.yml
		tests\coverlet.runsettings = tests\coverlet.runsettings
		Directory.Build.props = Directory.Build.props
		Directory.Build.targets = Directory.Build.targets
		Directory.Packages.props = Directory.Packages.props
		DotNetSettings.props = DotNetSettings.props
		TestDependencies.props = TestDependencies.props
		resources\TestSetting.json = resources\TestSetting.json
		WSEnvironment.template = WSEnvironment.template
	EndProjectSection
EndProject
Project("{2150E333-8FDC-42A3-9474-1A3956D46DE8}") = "app", "app", "{40412BAB-9455-4935-9302-86AECB634528}"
EndProject
Project("{FAE04EC0-301F-11D3-BF4B-00C04F79EFBC}") = "DSx.Caching.Abstractions", "sources\DSx.Caching.Abstractions\DSx.Caching.Abstractions.csproj", "{39C753AA-6F86-422B-9C12-2281E654600E}"
EndProject
Project("{FAE04EC0-301F-11D3-BF4B-00C04F79EFBC}") = "DSx.Caching.Abstractions.UnitTests", "tests\DSx.Caching.Abstractions.UnitTests\DSx.Caching.Abstractions.UnitTests.csproj", "{7B9D3530-B9BA-040D-5062-79A026992905}"
EndProject
Global
	GlobalSection(SolutionConfigurationPlatforms) = preSolution
		Debug|Any CPU = Debug|Any CPU
		Release|Any CPU = Release|Any CPU
	EndGlobalSection
	GlobalSection(ProjectConfigurationPlatforms) = postSolution
		{39C753AA-6F86-422B-9C12-2281E654600E}.Debug|Any CPU.ActiveCfg = Debug|Any CPU
		{39C753AA-6F86-422B-9C12-2281E654600E}.Debug|Any CPU.Build.0 = Debug|Any CPU
		{39C753AA-6F86-422B-9C12-2281E654600E}.Release|Any CPU.ActiveCfg = Release|Any CPU
		{39C753AA-6F86-422B-9C12-2281E654600E}.Release|Any CPU.Build.0 = Release|Any CPU
		{7B9D3530-B9BA-040D-5062-79A026992905}.Debug|Any CPU.ActiveCfg = Debug|Any CPU
		{7B9D3530-B9BA-040D-5062-79A026992905}.Debug|Any CPU.Build.0 = Debug|Any CPU
		{7B9D3530-B9BA-040D-5062-79A026992905}.Release|Any CPU.ActiveCfg = Release|Any CPU
		{7B9D3530-B9BA-040D-5062-79A026992905}.Release|Any CPU.Build.0 = Release|Any CPU
	EndGlobalSection
	GlobalSection(SolutionProperties) = preSolution
		HideSolutionNode = FALSE
	EndGlobalSection
	GlobalSection(NestedProjects) = preSolution
		{39C753AA-6F86-422B-9C12-2281E654600E} = {C15F7F5D-3A2C-4E89-BD94-5F3A1D8F4C1A}
		{7B9D3530-B9BA-040D-5062-79A026992905} = {6C83A596-D32D-B35F-00DD-F0C99B673980}
	EndGlobalSection
	GlobalSection(ExtensibilityGlobals) = postSolution
		SolutionGuid = {84E61796-2385-4C3A-892A-A27C00500B01}
	EndGlobalSection
EndGlobal
